<?xml version="1.0" encoding="utf-8"?>
<Project ToolsVersion="4.0" xmlns="http://schemas.microsoft.com/developer/msbuild/2003">
  <ItemGroup>
    <Filter Include="local">
      <UniqueIdentifier>{bc638fbb-a83b-4104-aaf3-524c78b59506}</UniqueIdentifier>
    </Filter>
  </ItemGroup>
  <ItemGroup>
    <ClInclude Include="..\..\..\src\ai\ai.h">
      <Filter>local</Filter>
    </ClInclude>
    <ClInclude Include="..\..\..\src\ai\ai_goal.h">
      <Filter>local</Filter>
    </ClInclude>
    <ClInclude Include="..\..\..\src\ai\ai_local.h">
      <Filter>local</Filter>
    </ClInclude>
    <ClInclude Include="..\..\..\src\ai\ai_main.h">
      <Filter>local</Filter>
    </ClInclude>
    <ClInclude Include="..\..\..\src\ai\ai_types.h">
      <Filter>local</Filter>
    </ClInclude>
  </ItemGroup>
  <ItemGroup>
    <ClCompile Include="..\..\..\src\ai\ai_goal.c">
      <Filter>local</Filter>
    </ClCompile>
    <ClCompile Include="..\..\..\src\ai\ai_main.c">
      <Filter>local</Filter>
    </ClCompile>
  </ItemGroup>
</Project>