
Microsoft Visual Studio Solution File, Format Version 12.00
# Visual Studio 2013
VisualStudioVersion = 12.0.21005.1
MinimumVisualStudioVersion = 10.0.40219.1
Project("{8BC9CEB8-8B4A-11D0-8D11-00A0C91BC942}") = "cgame", "cgame\cgame.vcxproj", "{D0962B23-8B2F-4EF0-BDFB-A1F9012C0452}"
	ProjectSection(ProjectDependencies) = postProject
		{36C42E4D-E8F6-4135-904C-00A07FAD979B} = {36C42E4D-E8F6-4135-904C-00A07FAD979B}
		{B0E48C77-E4F3-4864-99B5-56E00AF08A16} = {B0E48C77-E4F3-4864-99B5-56E00AF08A16}
	EndProjectSection
EndProject
Project("{8BC9CEB8-8B4A-11D0-8D11-00A0C91BC942}") = "shared", "shared\shared.vcxproj", "{36C42E4D-E8F6-4135-904C-00A07FAD979B}"
EndProject
Project("{8BC9CEB8-8B4A-11D0-8D11-00A0C91BC942}") = "AntTweakBarStatic", "..\..\deps\AntTweakBar\src\AntTweakBar.vcxproj", "{B99E1FA1-C30A-45F2-9D57-9E9C21B2DF42}"
EndProject
Project("{8BC9CEB8-8B4A-11D0-8D11-00A0C91BC942}") = "pmove", "pmove\pmove.vcxproj", "{B0E48C77-E4F3-4864-99B5-56E00AF08A16}"
EndProject
Project("{8BC9CEB8-8B4A-11D0-8D11-00A0C91BC942}") = "common", "common\common.vcxproj", "{9C2BFD70-F0A7-42EC-8F3A-83141A2580BC}"
EndProject
Project("{8BC9CEB8-8B4A-11D0-8D11-00A0C91BC942}") = "console", "console\console.vcxproj", "{DD2458B4-D1C8-4723-A28D-FE31DC8E4E28}"
EndProject
Project("{8BC9CEB8-8B4A-11D0-8D11-00A0C91BC942}") = "filesystem", "filesystem\filesystem.vcxproj", "{F676763A-DED0-4776-A0AF-A95FD134883D}"
EndProject
Project("{8BC9CEB8-8B4A-11D0-8D11-00A0C91BC942}") = "mem", "mem\mem.vcxproj", "{57CBDE89-CA2E-4555-B56E-F72BA9EED19A}"
EndProject
Project("{8BC9CEB8-8B4A-11D0-8D11-00A0C91BC942}") = "swap", "swap\swap.vcxproj", "{B5928EDE-544F-4895-B9FD-48F8F603D966}"
EndProject
Project("{8BC9CEB8-8B4A-11D0-8D11-00A0C91BC942}") = "sys", "sys\sys.vcxproj", "{4994BFDD-FD02-4933-BBD6-52C7E964EC00}"
EndProject
Project("{8BC9CEB8-8B4A-11D0-8D11-00A0C91BC942}") = "matrix", "matrix\matrix.vcxproj", "{D7A0CF6F-A0D2-414E-9685-9D7A4BC8D50E}"
EndProject
Project("{8BC9CEB8-8B4A-11D0-8D11-00A0C91BC942}") = "image", "image\image.vcxproj", "{F4FE985B-85ED-4E21-AD18-84476D97E920}"
EndProject
Project("{8BC9CEB8-8B4A-11D0-8D11-00A0C91BC942}") = "jpeg", "lib\jpeg-9a\jpeg.vcxproj", "{019DBD2A-273D-4BA4-BF86-B5EFE2ED76B1}"
EndProject
Project("{8BC9CEB8-8B4A-11D0-8D11-00A0C91BC942}") = "thread", "thread\thread.vcxproj", "{05DA26C0-1126-4D0C-B077-7029192612A5}"
EndProject
Project("{2150E333-8FDC-42A3-9474-1A3956D46DE8}") = "lib", "lib", "{E541F343-BFF3-4DB4-A980-41515AF9ECA1}"
EndProject
Project("{8BC9CEB8-8B4A-11D0-8D11-00A0C91BC942}") = "net", "net\net.vcxproj", "{07A0CDE7-8C3E-4127-9385-09000CF09F78}"
EndProject
Project("{2150E333-8FDC-42A3-9474-1A3956D46DE8}") = "thirdparty", "thirdparty", "{E47A23E4-9479-460F-9664-0D3733413FD2}"
EndProject
Project("{8BC9CEB8-8B4A-11D0-8D11-00A0C91BC942}") = "ai", "ai\ai.vcxproj", "{4474839B-4901-4017-A44F-17E91FB4DEEF}"
EndProject
Project("{8BC9CEB8-8B4A-11D0-8D11-00A0C91BC942}") = "cmodel", "cmodel\cmodel.vcxproj", "{FF130E39-433D-4AF0-BA3A-3C8F4E46C022}"
EndProject
Project("{8BC9CEB8-8B4A-11D0-8D11-00A0C91BC942}") = "server", "server\server.vcxproj", "{342D3BB3-B958-496A-8175-12A3120A9929}"
EndProject
Project("{2150E333-8FDC-42A3-9474-1A3956D46DE8}") = "client", "client", "{2BBED955-FFD9-4A0C-92C8-DB36FF647DE2}"
EndProject
Project("{8BC9CEB8-8B4A-11D0-8D11-00A0C91BC942}") = "ui", "ui\ui.vcxproj", "{E89B265B-5BFB-463A-B8D5-4C30DFCEBF8C}"
EndProject
Project("{8BC9CEB8-8B4A-11D0-8D11-00A0C91BC942}") = "sound", "sound\sound.vcxproj", "{528CE191-743A-44C9-8544-128763FF5892}"
EndProject
Project("{8BC9CEB8-8B4A-11D0-8D11-00A0C91BC942}") = "renderer", "renderer\renderer.vcxproj", "{5B354BF7-72BD-49F3-9532-E5622BEF934B}"
EndProject
Project("{2150E333-8FDC-42A3-9474-1A3956D46DE8}") = "tools", "tools", "{FE2697DE-DC65-44C4-8469-265D56F64854}"
EndProject
Project("{8BC9CEB8-8B4A-11D0-8D11-00A0C91BC942}") = "q2wmap", "q2wmap\q2wmap.vcxproj", "{1D5FDB1F-16A9-4371-A182-39D818282048}"
EndProject
Project("{8BC9CEB8-8B4A-11D0-8D11-00A0C91BC942}") = "game", "game\game.vcxproj", "{A3D2C865-C45E-4A43-816D-C865EC1055E6}"
	ProjectSection(ProjectDependencies) = postProject
		{36C42E4D-E8F6-4135-904C-00A07FAD979B} = {36C42E4D-E8F6-4135-904C-00A07FAD979B}
		{B0E48C77-E4F3-4864-99B5-56E00AF08A16} = {B0E48C77-E4F3-4864-99B5-56E00AF08A16}
	EndProjectSection
EndProject
Project("{8BC9CEB8-8B4A-11D0-8D11-00A0C91BC942}") = "Q2W", "Q2W\q2w.vcxproj", "{7924ED9B-6962-46BA-8472-B23378BCAB4F}"
	ProjectSection(ProjectDependencies) = postProject
		{D0962B23-8B2F-4EF0-BDFB-A1F9012C0452} = {D0962B23-8B2F-4EF0-BDFB-A1F9012C0452}
		{3CCDD427-4F02-440F-AA93-C9BD07B7E810} = {3CCDD427-4F02-440F-AA93-C9BD07B7E810}
		{019DBD2A-273D-4BA4-BF86-B5EFE2ED76B1} = {019DBD2A-273D-4BA4-BF86-B5EFE2ED76B1}
		{FF130E39-433D-4AF0-BA3A-3C8F4E46C022} = {FF130E39-433D-4AF0-BA3A-3C8F4E46C022}
		{F676763A-DED0-4776-A0AF-A95FD134883D} = {F676763A-DED0-4776-A0AF-A95FD134883D}
		{36C42E4D-E8F6-4135-904C-00A07FAD979B} = {36C42E4D-E8F6-4135-904C-00A07FAD979B}
		{E89B265B-5BFB-463A-B8D5-4C30DFCEBF8C} = {E89B265B-5BFB-463A-B8D5-4C30DFCEBF8C}
		{F4FE985B-85ED-4E21-AD18-84476D97E920} = {F4FE985B-85ED-4E21-AD18-84476D97E920}
		{A3D2C865-C45E-4A43-816D-C865EC1055E6} = {A3D2C865-C45E-4A43-816D-C865EC1055E6}
		{D7A0CF6F-A0D2-414E-9685-9D7A4BC8D50E} = {D7A0CF6F-A0D2-414E-9685-9D7A4BC8D50E}
		{9C2BFD70-F0A7-42EC-8F3A-83141A2580BC} = {9C2BFD70-F0A7-42EC-8F3A-83141A2580BC}
		{B0E48C77-E4F3-4864-99B5-56E00AF08A16} = {B0E48C77-E4F3-4864-99B5-56E00AF08A16}
		{57CBDE89-CA2E-4555-B56E-F72BA9EED19A} = {57CBDE89-CA2E-4555-B56E-F72BA9EED19A}
		{528CE191-743A-44C9-8544-128763FF5892} = {528CE191-743A-44C9-8544-128763FF5892}
		{4474839B-4901-4017-A44F-17E91FB4DEEF} = {4474839B-4901-4017-A44F-17E91FB4DEEF}
		{B99E1FA1-C30A-45F2-9D57-9E9C21B2DF42} = {B99E1FA1-C30A-45F2-9D57-9E9C21B2DF42}
		{67FF2CA9-4130-4710-9899-C69455FDF8D3} = {67FF2CA9-4130-4710-9899-C69455FDF8D3}
		{342D3BB3-B958-496A-8175-12A3120A9929} = {342D3BB3-B958-496A-8175-12A3120A9929}
		{DD2458B4-D1C8-4723-A28D-FE31DC8E4E28} = {DD2458B4-D1C8-4723-A28D-FE31DC8E4E28}
		{05DA26C0-1126-4D0C-B077-7029192612A5} = {05DA26C0-1126-4D0C-B077-7029192612A5}
		{4994BFDD-FD02-4933-BBD6-52C7E964EC00} = {4994BFDD-FD02-4933-BBD6-52C7E964EC00}
		{B5928EDE-544F-4895-B9FD-48F8F603D966} = {B5928EDE-544F-4895-B9FD-48F8F603D966}
		{07A0CDE7-8C3E-4127-9385-09000CF09F78} = {07A0CDE7-8C3E-4127-9385-09000CF09F78}
		{5B354BF7-72BD-49F3-9532-E5622BEF934B} = {5B354BF7-72BD-49F3-9532-E5622BEF934B}
	EndProjectSection
EndProject
Project("{8BC9CEB8-8B4A-11D0-8D11-00A0C91BC942}") = "client", "client\client.vcxproj", "{67FF2CA9-4130-4710-9899-C69455FDF8D3}"
EndProject
Project("{8BC9CEB8-8B4A-11D0-8D11-00A0C91BC942}") = "physfs", "lib\physfs-2.0.3\physfs.vcxproj", "{3CCDD427-4F02-440F-AA93-C9BD07B7E810}"
EndProject
Global
	GlobalSection(SolutionConfigurationPlatforms) = preSolution
		Debug|Any CPU = Debug|Any CPU
		Debug|Mixed Platforms = Debug|Mixed Platforms
		Debug|Win32 = Debug|Win32
		Debug|x64 = Debug|x64
		Release|Any CPU = Release|Any CPU
		Release|Mixed Platforms = Release|Mixed Platforms
		Release|Win32 = Release|Win32
		Release|x64 = Release|x64
	EndGlobalSection
	GlobalSection(ProjectConfigurationPlatforms) = postSolution
		{D0962B23-8B2F-4EF0-BDFB-A1F9012C0452}.Debug|Any CPU.ActiveCfg = Debug|Win32
		{D0962B23-8B2F-4EF0-BDFB-A1F9012C0452}.Debug|Mixed Platforms.ActiveCfg = Debug|Win32
		{D0962B23-8B2F-4EF0-BDFB-A1F9012C0452}.Debug|Mixed Platforms.Build.0 = Debug|Win32
		{D0962B23-8B2F-4EF0-BDFB-A1F9012C0452}.Debug|Win32.ActiveCfg = Debug|Win32
		{D0962B23-8B2F-4EF0-BDFB-A1F9012C0452}.Debug|Win32.Build.0 = Debug|Win32
		{D0962B23-8B2F-4EF0-BDFB-A1F9012C0452}.Debug|x64.ActiveCfg = Debug|Win32
		{D0962B23-8B2F-4EF0-BDFB-A1F9012C0452}.Release|Any CPU.ActiveCfg = Release|Win32
		{D0962B23-8B2F-4EF0-BDFB-A1F9012C0452}.Release|Mixed Platforms.ActiveCfg = Release|Win32
		{D0962B23-8B2F-4EF0-BDFB-A1F9012C0452}.Release|Mixed Platforms.Build.0 = Release|Win32
		{D0962B23-8B2F-4EF0-BDFB-A1F9012C0452}.Release|Win32.ActiveCfg = Release|Win32
		{D0962B23-8B2F-4EF0-BDFB-A1F9012C0452}.Release|Win32.Build.0 = Release|Win32
		{D0962B23-8B2F-4EF0-BDFB-A1F9012C0452}.Release|x64.ActiveCfg = Release|Win32
		{36C42E4D-E8F6-4135-904C-00A07FAD979B}.Debug|Any CPU.ActiveCfg = Debug|Win32
		{36C42E4D-E8F6-4135-904C-00A07FAD979B}.Debug|Mixed Platforms.ActiveCfg = Debug|Win32
		{36C42E4D-E8F6-4135-904C-00A07FAD979B}.Debug|Mixed Platforms.Build.0 = Debug|Win32
		{36C42E4D-E8F6-4135-904C-00A07FAD979B}.Debug|Win32.ActiveCfg = Debug|Win32
		{36C42E4D-E8F6-4135-904C-00A07FAD979B}.Debug|Win32.Build.0 = Debug|Win32
		{36C42E4D-E8F6-4135-904C-00A07FAD979B}.Debug|x64.ActiveCfg = Debug|Win32
		{36C42E4D-E8F6-4135-904C-00A07FAD979B}.Release|Any CPU.ActiveCfg = Release|Win32
		{36C42E4D-E8F6-4135-904C-00A07FAD979B}.Release|Mixed Platforms.ActiveCfg = Release|Win32
		{36C42E4D-E8F6-4135-904C-00A07FAD979B}.Release|Mixed Platforms.Build.0 = Release|Win32
		{36C42E4D-E8F6-4135-904C-00A07FAD979B}.Release|Win32.ActiveCfg = Release|Win32
		{36C42E4D-E8F6-4135-904C-00A07FAD979B}.Release|Win32.Build.0 = Release|Win32
		{36C42E4D-E8F6-4135-904C-00A07FAD979B}.Release|x64.ActiveCfg = Release|Win32
		{B99E1FA1-C30A-45F2-9D57-9E9C21B2DF42}.Debug|Any CPU.ActiveCfg = Debug|Win32
		{B99E1FA1-C30A-45F2-9D57-9E9C21B2DF42}.Debug|Mixed Platforms.ActiveCfg = Debug|Win32
		{B99E1FA1-C30A-45F2-9D57-9E9C21B2DF42}.Debug|Win32.ActiveCfg = Debug|Win32
		{B99E1FA1-C30A-45F2-9D57-9E9C21B2DF42}.Debug|Win32.Build.0 = Debug|Win32
		{B99E1FA1-C30A-45F2-9D57-9E9C21B2DF42}.Debug|x64.ActiveCfg = Debug|x64
		{B99E1FA1-C30A-45F2-9D57-9E9C21B2DF42}.Debug|x64.Build.0 = Debug|x64
		{B99E1FA1-C30A-45F2-9D57-9E9C21B2DF42}.Release|Any CPU.ActiveCfg = Release|Win32
		{B99E1FA1-C30A-45F2-9D57-9E9C21B2DF42}.Release|Mixed Platforms.ActiveCfg = Release|Win32
		{B99E1FA1-C30A-45F2-9D57-9E9C21B2DF42}.Release|Win32.ActiveCfg = Release|Win32
		{B99E1FA1-C30A-45F2-9D57-9E9C21B2DF42}.Release|Win32.Build.0 = Release|Win32
		{B99E1FA1-C30A-45F2-9D57-9E9C21B2DF42}.Release|x64.ActiveCfg = Release|x64
		{B99E1FA1-C30A-45F2-9D57-9E9C21B2DF42}.Release|x64.Build.0 = Release|x64
		{B0E48C77-E4F3-4864-99B5-56E00AF08A16}.Debug|Any CPU.ActiveCfg = Debug|Win32
		{B0E48C77-E4F3-4864-99B5-56E00AF08A16}.Debug|Mixed Platforms.ActiveCfg = Debug|Win32
		{B0E48C77-E4F3-4864-99B5-56E00AF08A16}.Debug|Mixed Platforms.Build.0 = Debug|Win32
		{B0E48C77-E4F3-4864-99B5-56E00AF08A16}.Debug|Win32.ActiveCfg = Debug|Win32
		{B0E48C77-E4F3-4864-99B5-56E00AF08A16}.Debug|Win32.Build.0 = Debug|Win32
		{B0E48C77-E4F3-4864-99B5-56E00AF08A16}.Debug|x64.ActiveCfg = Debug|Win32
		{B0E48C77-E4F3-4864-99B5-56E00AF08A16}.Release|Any CPU.ActiveCfg = Release|Win32
		{B0E48C77-E4F3-4864-99B5-56E00AF08A16}.Release|Mixed Platforms.ActiveCfg = Release|Win32
		{B0E48C77-E4F3-4864-99B5-56E00AF08A16}.Release|Mixed Platforms.Build.0 = Release|Win32
		{B0E48C77-E4F3-4864-99B5-56E00AF08A16}.Release|Win32.ActiveCfg = Release|Win32
		{B0E48C77-E4F3-4864-99B5-56E00AF08A16}.Release|Win32.Build.0 = Release|Win32
		{B0E48C77-E4F3-4864-99B5-56E00AF08A16}.Release|x64.ActiveCfg = Release|Win32
		{9C2BFD70-F0A7-42EC-8F3A-83141A2580BC}.Debug|Any CPU.ActiveCfg = Debug|Win32
		{9C2BFD70-F0A7-42EC-8F3A-83141A2580BC}.Debug|Mixed Platforms.ActiveCfg = Debug|Win32
		{9C2BFD70-F0A7-42EC-8F3A-83141A2580BC}.Debug|Mixed Platforms.Build.0 = Debug|Win32
		{9C2BFD70-F0A7-42EC-8F3A-83141A2580BC}.Debug|Win32.ActiveCfg = Debug|Win32
		{9C2BFD70-F0A7-42EC-8F3A-83141A2580BC}.Debug|Win32.Build.0 = Debug|Win32
		{9C2BFD70-F0A7-42EC-8F3A-83141A2580BC}.Debug|x64.ActiveCfg = Debug|Win32
		{9C2BFD70-F0A7-42EC-8F3A-83141A2580BC}.Release|Any CPU.ActiveCfg = Release|Win32
		{9C2BFD70-F0A7-42EC-8F3A-83141A2580BC}.Release|Mixed Platforms.ActiveCfg = Release|Win32
		{9C2BFD70-F0A7-42EC-8F3A-83141A2580BC}.Release|Mixed Platforms.Build.0 = Release|Win32
		{9C2BFD70-F0A7-42EC-8F3A-83141A2580BC}.Release|Win32.ActiveCfg = Release|Win32
		{9C2BFD70-F0A7-42EC-8F3A-83141A2580BC}.Release|Win32.Build.0 = Release|Win32
		{9C2BFD70-F0A7-42EC-8F3A-83141A2580BC}.Release|x64.ActiveCfg = Release|Win32
		{DD2458B4-D1C8-4723-A28D-FE31DC8E4E28}.Debug|Any CPU.ActiveCfg = Debug|Win32
		{DD2458B4-D1C8-4723-A28D-FE31DC8E4E28}.Debug|Mixed Platforms.ActiveCfg = Debug|Win32
		{DD2458B4-D1C8-4723-A28D-FE31DC8E4E28}.Debug|Mixed Platforms.Build.0 = Debug|Win32
		{DD2458B4-D1C8-4723-A28D-FE31DC8E4E28}.Debug|Win32.ActiveCfg = Debug|Win32
		{DD2458B4-D1C8-4723-A28D-FE31DC8E4E28}.Debug|Win32.Build.0 = Debug|Win32
		{DD2458B4-D1C8-4723-A28D-FE31DC8E4E28}.Debug|x64.ActiveCfg = Debug|Win32
		{DD2458B4-D1C8-4723-A28D-FE31DC8E4E28}.Release|Any CPU.ActiveCfg = Release|Win32
		{DD2458B4-D1C8-4723-A28D-FE31DC8E4E28}.Release|Mixed Platforms.ActiveCfg = Release|Win32
		{DD2458B4-D1C8-4723-A28D-FE31DC8E4E28}.Release|Mixed Platforms.Build.0 = Release|Win32
		{DD2458B4-D1C8-4723-A28D-FE31DC8E4E28}.Release|Win32.ActiveCfg = Release|Win32
		{DD2458B4-D1C8-4723-A28D-FE31DC8E4E28}.Release|Win32.Build.0 = Release|Win32
		{DD2458B4-D1C8-4723-A28D-FE31DC8E4E28}.Release|x64.ActiveCfg = Release|Win32
		{F676763A-DED0-4776-A0AF-A95FD134883D}.Debug|Any CPU.ActiveCfg = Debug|Win32
		{F676763A-DED0-4776-A0AF-A95FD134883D}.Debug|Mixed Platforms.ActiveCfg = Debug|Win32
		{F676763A-DED0-4776-A0AF-A95FD134883D}.Debug|Mixed Platforms.Build.0 = Debug|Win32
		{F676763A-DED0-4776-A0AF-A95FD134883D}.Debug|Win32.ActiveCfg = Debug|Win32
		{F676763A-DED0-4776-A0AF-A95FD134883D}.Debug|Win32.Build.0 = Debug|Win32
		{F676763A-DED0-4776-A0AF-A95FD134883D}.Debug|x64.ActiveCfg = Debug|Win32
		{F676763A-DED0-4776-A0AF-A95FD134883D}.Release|Any CPU.ActiveCfg = Release|Win32
		{F676763A-DED0-4776-A0AF-A95FD134883D}.Release|Mixed Platforms.ActiveCfg = Release|Win32
		{F676763A-DED0-4776-A0AF-A95FD134883D}.Release|Mixed Platforms.Build.0 = Release|Win32
		{F676763A-DED0-4776-A0AF-A95FD134883D}.Release|Win32.ActiveCfg = Release|Win32
		{F676763A-DED0-4776-A0AF-A95FD134883D}.Release|Win32.Build.0 = Release|Win32
		{F676763A-DED0-4776-A0AF-A95FD134883D}.Release|x64.ActiveCfg = Release|Win32
		{57CBDE89-CA2E-4555-B56E-F72BA9EED19A}.Debug|Any CPU.ActiveCfg = Debug|Win32
		{57CBDE89-CA2E-4555-B56E-F72BA9EED19A}.Debug|Mixed Platforms.ActiveCfg = Debug|Win32
		{57CBDE89-CA2E-4555-B56E-F72BA9EED19A}.Debug|Mixed Platforms.Build.0 = Debug|Win32
		{57CBDE89-CA2E-4555-B56E-F72BA9EED19A}.Debug|Win32.ActiveCfg = Debug|Win32
		{57CBDE89-CA2E-4555-B56E-F72BA9EED19A}.Debug|Win32.Build.0 = Debug|Win32
		{57CBDE89-CA2E-4555-B56E-F72BA9EED19A}.Debug|x64.ActiveCfg = Debug|Win32
		{57CBDE89-CA2E-4555-B56E-F72BA9EED19A}.Release|Any CPU.ActiveCfg = Release|Win32
		{57CBDE89-CA2E-4555-B56E-F72BA9EED19A}.Release|Mixed Platforms.ActiveCfg = Release|Win32
		{57CBDE89-CA2E-4555-B56E-F72BA9EED19A}.Release|Mixed Platforms.Build.0 = Release|Win32
		{57CBDE89-CA2E-4555-B56E-F72BA9EED19A}.Release|Win32.ActiveCfg = Release|Win32
		{57CBDE89-CA2E-4555-B56E-F72BA9EED19A}.Release|Win32.Build.0 = Release|Win32
		{57CBDE89-CA2E-4555-B56E-F72BA9EED19A}.Release|x64.ActiveCfg = Release|Win32
		{B5928EDE-544F-4895-B9FD-48F8F603D966}.Debug|Any CPU.ActiveCfg = Debug|Win32
		{B5928EDE-544F-4895-B9FD-48F8F603D966}.Debug|Mixed Platforms.ActiveCfg = Debug|Win32
		{B5928EDE-544F-4895-B9FD-48F8F603D966}.Debug|Mixed Platforms.Build.0 = Debug|Win32
		{B5928EDE-544F-4895-B9FD-48F8F603D966}.Debug|Win32.ActiveCfg = Debug|Win32
		{B5928EDE-544F-4895-B9FD-48F8F603D966}.Debug|Win32.Build.0 = Debug|Win32
		{B5928EDE-544F-4895-B9FD-48F8F603D966}.Debug|x64.ActiveCfg = Debug|Win32
		{B5928EDE-544F-4895-B9FD-48F8F603D966}.Release|Any CPU.ActiveCfg = Release|Win32
		{B5928EDE-544F-4895-B9FD-48F8F603D966}.Release|Mixed Platforms.ActiveCfg = Release|Win32
		{B5928EDE-544F-4895-B9FD-48F8F603D966}.Release|Mixed Platforms.Build.0 = Release|Win32
		{B5928EDE-544F-4895-B9FD-48F8F603D966}.Release|Win32.ActiveCfg = Release|Win32
		{B5928EDE-544F-4895-B9FD-48F8F603D966}.Release|Win32.Build.0 = Release|Win32
		{B5928EDE-544F-4895-B9FD-48F8F603D966}.Release|x64.ActiveCfg = Release|Win32
		{4994BFDD-FD02-4933-BBD6-52C7E964EC00}.Debug|Any CPU.ActiveCfg = Debug|Win32
		{4994BFDD-FD02-4933-BBD6-52C7E964EC00}.Debug|Mixed Platforms.ActiveCfg = Debug|Win32
		{4994BFDD-FD02-4933-BBD6-52C7E964EC00}.Debug|Mixed Platforms.Build.0 = Debug|Win32
		{4994BFDD-FD02-4933-BBD6-52C7E964EC00}.Debug|Win32.ActiveCfg = Debug|Win32
		{4994BFDD-FD02-4933-BBD6-52C7E964EC00}.Debug|Win32.Build.0 = Debug|Win32
		{4994BFDD-FD02-4933-BBD6-52C7E964EC00}.Debug|x64.ActiveCfg = Debug|Win32
		{4994BFDD-FD02-4933-BBD6-52C7E964EC00}.Release|Any CPU.ActiveCfg = Release|Win32
		{4994BFDD-FD02-4933-BBD6-52C7E964EC00}.Release|Mixed Platforms.ActiveCfg = Release|Win32
		{4994BFDD-FD02-4933-BBD6-52C7E964EC00}.Release|Mixed Platforms.Build.0 = Release|Win32
		{4994BFDD-FD02-4933-BBD6-52C7E964EC00}.Release|Win32.ActiveCfg = Release|Win32
		{4994BFDD-FD02-4933-BBD6-52C7E964EC00}.Release|Win32.Build.0 = Release|Win32
		{4994BFDD-FD02-4933-BBD6-52C7E964EC00}.Release|x64.ActiveCfg = Release|Win32
		{D7A0CF6F-A0D2-414E-9685-9D7A4BC8D50E}.Debug|Any CPU.ActiveCfg = Debug|Win32
		{D7A0CF6F-A0D2-414E-9685-9D7A4BC8D50E}.Debug|Mixed Platforms.ActiveCfg = Debug|Win32
		{D7A0CF6F-A0D2-414E-9685-9D7A4BC8D50E}.Debug|Mixed Platforms.Build.0 = Debug|Win32
		{D7A0CF6F-A0D2-414E-9685-9D7A4BC8D50E}.Debug|Win32.ActiveCfg = Debug|Win32
		{D7A0CF6F-A0D2-414E-9685-9D7A4BC8D50E}.Debug|Win32.Build.0 = Debug|Win32
		{D7A0CF6F-A0D2-414E-9685-9D7A4BC8D50E}.Debug|x64.ActiveCfg = Debug|Win32
		{D7A0CF6F-A0D2-414E-9685-9D7A4BC8D50E}.Release|Any CPU.ActiveCfg = Release|Win32
		{D7A0CF6F-A0D2-414E-9685-9D7A4BC8D50E}.Release|Mixed Platforms.ActiveCfg = Release|Win32
		{D7A0CF6F-A0D2-414E-9685-9D7A4BC8D50E}.Release|Mixed Platforms.Build.0 = Release|Win32
		{D7A0CF6F-A0D2-414E-9685-9D7A4BC8D50E}.Release|Win32.ActiveCfg = Release|Win32
		{D7A0CF6F-A0D2-414E-9685-9D7A4BC8D50E}.Release|Win32.Build.0 = Release|Win32
		{D7A0CF6F-A0D2-414E-9685-9D7A4BC8D50E}.Release|x64.ActiveCfg = Release|Win32
		{F4FE985B-85ED-4E21-AD18-84476D97E920}.Debug|Any CPU.ActiveCfg = Debug|Win32
		{F4FE985B-85ED-4E21-AD18-84476D97E920}.Debug|Mixed Platforms.ActiveCfg = Debug|Win32
		{F4FE985B-85ED-4E21-AD18-84476D97E920}.Debug|Mixed Platforms.Build.0 = Debug|Win32
		{F4FE985B-85ED-4E21-AD18-84476D97E920}.Debug|Win32.ActiveCfg = Debug|Win32
		{F4FE985B-85ED-4E21-AD18-84476D97E920}.Debug|Win32.Build.0 = Debug|Win32
		{F4FE985B-85ED-4E21-AD18-84476D97E920}.Debug|x64.ActiveCfg = Debug|Win32
		{F4FE985B-85ED-4E21-AD18-84476D97E920}.Release|Any CPU.ActiveCfg = Release|Win32
		{F4FE985B-85ED-4E21-AD18-84476D97E920}.Release|Mixed Platforms.ActiveCfg = Release|Win32
		{F4FE985B-85ED-4E21-AD18-84476D97E920}.Release|Mixed Platforms.Build.0 = Release|Win32
		{F4FE985B-85ED-4E21-AD18-84476D97E920}.Release|Win32.ActiveCfg = Release|Win32
		{F4FE985B-85ED-4E21-AD18-84476D97E920}.Release|Win32.Build.0 = Release|Win32
		{F4FE985B-85ED-4E21-AD18-84476D97E920}.Release|x64.ActiveCfg = Release|Win32
		{019DBD2A-273D-4BA4-BF86-B5EFE2ED76B1}.Debug|Any CPU.ActiveCfg = Release|Win32
		{019DBD2A-273D-4BA4-BF86-B5EFE2ED76B1}.Debug|Mixed Platforms.ActiveCfg = Release|Win32
		{019DBD2A-273D-4BA4-BF86-B5EFE2ED76B1}.Debug|Win32.ActiveCfg = Release|Win32
		{019DBD2A-273D-4BA4-BF86-B5EFE2ED76B1}.Debug|Win32.Build.0 = Release|Win32
		{019DBD2A-273D-4BA4-BF86-B5EFE2ED76B1}.Debug|x64.ActiveCfg = Release|Win32
		{019DBD2A-273D-4BA4-BF86-B5EFE2ED76B1}.Release|Any CPU.ActiveCfg = Release|Win32
		{019DBD2A-273D-4BA4-BF86-B5EFE2ED76B1}.Release|Mixed Platforms.ActiveCfg = Release|Win32
		{019DBD2A-273D-4BA4-BF86-B5EFE2ED76B1}.Release|Win32.ActiveCfg = Release|Win32
		{019DBD2A-273D-4BA4-BF86-B5EFE2ED76B1}.Release|Win32.Build.0 = Release|Win32
		{019DBD2A-273D-4BA4-BF86-B5EFE2ED76B1}.Release|x64.ActiveCfg = Release|Win32
		{05DA26C0-1126-4D0C-B077-7029192612A5}.Debug|Any CPU.ActiveCfg = Debug|Win32
		{05DA26C0-1126-4D0C-B077-7029192612A5}.Debug|Mixed Platforms.ActiveCfg = Debug|Win32
		{05DA26C0-1126-4D0C-B077-7029192612A5}.Debug|Mixed Platforms.Build.0 = Debug|Win32
		{05DA26C0-1126-4D0C-B077-7029192612A5}.Debug|Win32.ActiveCfg = Debug|Win32
		{05DA26C0-1126-4D0C-B077-7029192612A5}.Debug|Win32.Build.0 = Debug|Win32
		{05DA26C0-1126-4D0C-B077-7029192612A5}.Debug|x64.ActiveCfg = Debug|Win32
		{05DA26C0-1126-4D0C-B077-7029192612A5}.Release|Any CPU.ActiveCfg = Release|Win32
		{05DA26C0-1126-4D0C-B077-7029192612A5}.Release|Mixed Platforms.ActiveCfg = Release|Win32
		{05DA26C0-1126-4D0C-B077-7029192612A5}.Release|Mixed Platforms.Build.0 = Release|Win32
		{05DA26C0-1126-4D0C-B077-7029192612A5}.Release|Win32.ActiveCfg = Release|Win32
		{05DA26C0-1126-4D0C-B077-7029192612A5}.Release|Win32.Build.0 = Release|Win32
		{05DA26C0-1126-4D0C-B077-7029192612A5}.Release|x64.ActiveCfg = Release|Win32
		{07A0CDE7-8C3E-4127-9385-09000CF09F78}.Debug|Any CPU.ActiveCfg = Debug|Win32
		{07A0CDE7-8C3E-4127-9385-09000CF09F78}.Debug|Mixed Platforms.ActiveCfg = Debug|Win32
		{07A0CDE7-8C3E-4127-9385-09000CF09F78}.Debug|Mixed Platforms.Build.0 = Debug|Win32
		{07A0CDE7-8C3E-4127-9385-09000CF09F78}.Debug|Win32.ActiveCfg = Debug|Win32
		{07A0CDE7-8C3E-4127-9385-09000CF09F78}.Debug|Win32.Build.0 = Debug|Win32
		{07A0CDE7-8C3E-4127-9385-09000CF09F78}.Debug|x64.ActiveCfg = Debug|Win32
		{07A0CDE7-8C3E-4127-9385-09000CF09F78}.Release|Any CPU.ActiveCfg = Release|Win32
		{07A0CDE7-8C3E-4127-9385-09000CF09F78}.Release|Mixed Platforms.ActiveCfg = Release|Win32
		{07A0CDE7-8C3E-4127-9385-09000CF09F78}.Release|Mixed Platforms.Build.0 = Release|Win32
		{07A0CDE7-8C3E-4127-9385-09000CF09F78}.Release|Win32.ActiveCfg = Release|Win32
		{07A0CDE7-8C3E-4127-9385-09000CF09F78}.Release|Win32.Build.0 = Release|Win32
		{07A0CDE7-8C3E-4127-9385-09000CF09F78}.Release|x64.ActiveCfg = Release|Win32
		{4474839B-4901-4017-A44F-17E91FB4DEEF}.Debug|Any CPU.ActiveCfg = Debug|Win32
		{4474839B-4901-4017-A44F-17E91FB4DEEF}.Debug|Mixed Platforms.ActiveCfg = Debug|Win32
		{4474839B-4901-4017-A44F-17E91FB4DEEF}.Debug|Mixed Platforms.Build.0 = Debug|Win32
		{4474839B-4901-4017-A44F-17E91FB4DEEF}.Debug|Win32.ActiveCfg = Debug|Win32
		{4474839B-4901-4017-A44F-17E91FB4DEEF}.Debug|Win32.Build.0 = Debug|Win32
		{4474839B-4901-4017-A44F-17E91FB4DEEF}.Debug|x64.ActiveCfg = Debug|Win32
		{4474839B-4901-4017-A44F-17E91FB4DEEF}.Release|Any CPU.ActiveCfg = Release|Win32
		{4474839B-4901-4017-A44F-17E91FB4DEEF}.Release|Mixed Platforms.ActiveCfg = Release|Win32
		{4474839B-4901-4017-A44F-17E91FB4DEEF}.Release|Mixed Platforms.Build.0 = Release|Win32
		{4474839B-4901-4017-A44F-17E91FB4DEEF}.Release|Win32.ActiveCfg = Release|Win32
		{4474839B-4901-4017-A44F-17E91FB4DEEF}.Release|Win32.Build.0 = Release|Win32
		{4474839B-4901-4017-A44F-17E91FB4DEEF}.Release|x64.ActiveCfg = Release|Win32
		{FF130E39-433D-4AF0-BA3A-3C8F4E46C022}.Debug|Any CPU.ActiveCfg = Debug|Win32
		{FF130E39-433D-4AF0-BA3A-3C8F4E46C022}.Debug|Mixed Platforms.ActiveCfg = Debug|Win32
		{FF130E39-433D-4AF0-BA3A-3C8F4E46C022}.Debug|Mixed Platforms.Build.0 = Debug|Win32
		{FF130E39-433D-4AF0-BA3A-3C8F4E46C022}.Debug|Win32.ActiveCfg = Debug|Win32
		{FF130E39-433D-4AF0-BA3A-3C8F4E46C022}.Debug|Win32.Build.0 = Debug|Win32
		{FF130E39-433D-4AF0-BA3A-3C8F4E46C022}.Debug|x64.ActiveCfg = Debug|Win32
		{FF130E39-433D-4AF0-BA3A-3C8F4E46C022}.Release|Any CPU.ActiveCfg = Release|Win32
		{FF130E39-433D-4AF0-BA3A-3C8F4E46C022}.Release|Mixed Platforms.ActiveCfg = Release|Win32
		{FF130E39-433D-4AF0-BA3A-3C8F4E46C022}.Release|Mixed Platforms.Build.0 = Release|Win32
		{FF130E39-433D-4AF0-BA3A-3C8F4E46C022}.Release|Win32.ActiveCfg = Release|Win32
		{FF130E39-433D-4AF0-BA3A-3C8F4E46C022}.Release|Win32.Build.0 = Release|Win32
		{FF130E39-433D-4AF0-BA3A-3C8F4E46C022}.Release|x64.ActiveCfg = Release|Win32
		{342D3BB3-B958-496A-8175-12A3120A9929}.Debug|Any CPU.ActiveCfg = Debug|Win32
		{342D3BB3-B958-496A-8175-12A3120A9929}.Debug|Mixed Platforms.ActiveCfg = Debug|Win32
		{342D3BB3-B958-496A-8175-12A3120A9929}.Debug|Mixed Platforms.Build.0 = Debug|Win32
		{342D3BB3-B958-496A-8175-12A3120A9929}.Debug|Win32.ActiveCfg = Debug|Win32
		{342D3BB3-B958-496A-8175-12A3120A9929}.Debug|Win32.Build.0 = Debug|Win32
		{342D3BB3-B958-496A-8175-12A3120A9929}.Debug|x64.ActiveCfg = Debug|Win32
		{342D3BB3-B958-496A-8175-12A3120A9929}.Release|Any CPU.ActiveCfg = Release|Win32
		{342D3BB3-B958-496A-8175-12A3120A9929}.Release|Mixed Platforms.ActiveCfg = Release|Win32
		{342D3BB3-B958-496A-8175-12A3120A9929}.Release|Mixed Platforms.Build.0 = Release|Win32
		{342D3BB3-B958-496A-8175-12A3120A9929}.Release|Win32.ActiveCfg = Release|Win32
		{342D3BB3-B958-496A-8175-12A3120A9929}.Release|Win32.Build.0 = Release|Win32
		{342D3BB3-B958-496A-8175-12A3120A9929}.Release|x64.ActiveCfg = Release|Win32
		{E89B265B-5BFB-463A-B8D5-4C30DFCEBF8C}.Debug|Any CPU.ActiveCfg = Debug|Win32
		{E89B265B-5BFB-463A-B8D5-4C30DFCEBF8C}.Debug|Mixed Platforms.ActiveCfg = Debug|Win32
		{E89B265B-5BFB-463A-B8D5-4C30DFCEBF8C}.Debug|Mixed Platforms.Build.0 = Debug|Win32
		{E89B265B-5BFB-463A-B8D5-4C30DFCEBF8C}.Debug|Win32.ActiveCfg = Debug|Win32
		{E89B265B-5BFB-463A-B8D5-4C30DFCEBF8C}.Debug|Win32.Build.0 = Debug|Win32
		{E89B265B-5BFB-463A-B8D5-4C30DFCEBF8C}.Debug|x64.ActiveCfg = Debug|Win32
		{E89B265B-5BFB-463A-B8D5-4C30DFCEBF8C}.Release|Any CPU.ActiveCfg = Release|Win32
		{E89B265B-5BFB-463A-B8D5-4C30DFCEBF8C}.Release|Mixed Platforms.ActiveCfg = Release|Win32
		{E89B265B-5BFB-463A-B8D5-4C30DFCEBF8C}.Release|Mixed Platforms.Build.0 = Release|Win32
		{E89B265B-5BFB-463A-B8D5-4C30DFCEBF8C}.Release|Win32.ActiveCfg = Release|Win32
		{E89B265B-5BFB-463A-B8D5-4C30DFCEBF8C}.Release|Win32.Build.0 = Release|Win32
		{E89B265B-5BFB-463A-B8D5-4C30DFCEBF8C}.Release|x64.ActiveCfg = Release|Win32
		{528CE191-743A-44C9-8544-128763FF5892}.Debug|Any CPU.ActiveCfg = Debug|Win32
		{528CE191-743A-44C9-8544-128763FF5892}.Debug|Mixed Platforms.ActiveCfg = Debug|Win32
		{528CE191-743A-44C9-8544-128763FF5892}.Debug|Mixed Platforms.Build.0 = Debug|Win32
		{528CE191-743A-44C9-8544-128763FF5892}.Debug|Win32.ActiveCfg = Debug|Win32
		{528CE191-743A-44C9-8544-128763FF5892}.Debug|Win32.Build.0 = Debug|Win32
		{528CE191-743A-44C9-8544-128763FF5892}.Debug|x64.ActiveCfg = Debug|Win32
		{528CE191-743A-44C9-8544-128763FF5892}.Release|Any CPU.ActiveCfg = Release|Win32
		{528CE191-743A-44C9-8544-128763FF5892}.Release|Mixed Platforms.ActiveCfg = Release|Win32
		{528CE191-743A-44C9-8544-128763FF5892}.Release|Mixed Platforms.Build.0 = Release|Win32
		{528CE191-743A-44C9-8544-128763FF5892}.Release|Win32.ActiveCfg = Release|Win32
		{528CE191-743A-44C9-8544-128763FF5892}.Release|Win32.Build.0 = Release|Win32
		{528CE191-743A-44C9-8544-128763FF5892}.Release|x64.ActiveCfg = Release|Win32
		{5B354BF7-72BD-49F3-9532-E5622BEF934B}.Debug|Any CPU.ActiveCfg = Debug|Win32
		{5B354BF7-72BD-49F3-9532-E5622BEF934B}.Debug|Mixed Platforms.ActiveCfg = Debug|Win32
		{5B354BF7-72BD-49F3-9532-E5622BEF934B}.Debug|Mixed Platforms.Build.0 = Debug|Win32
		{5B354BF7-72BD-49F3-9532-E5622BEF934B}.Debug|Win32.ActiveCfg = Debug|Win32
		{5B354BF7-72BD-49F3-9532-E5622BEF934B}.Debug|Win32.Build.0 = Debug|Win32
		{5B354BF7-72BD-49F3-9532-E5622BEF934B}.Debug|x64.ActiveCfg = Debug|Win32
		{5B354BF7-72BD-49F3-9532-E5622BEF934B}.Release|Any CPU.ActiveCfg = Release|Win32
		{5B354BF7-72BD-49F3-9532-E5622BEF934B}.Release|Mixed Platforms.ActiveCfg = Release|Win32
		{5B354BF7-72BD-49F3-9532-E5622BEF934B}.Release|Mixed Platforms.Build.0 = Release|Win32
		{5B354BF7-72BD-49F3-9532-E5622BEF934B}.Release|Win32.ActiveCfg = Release|Win32
		{5B354BF7-72BD-49F3-9532-E5622BEF934B}.Release|Win32.Build.0 = Release|Win32
		{5B354BF7-72BD-49F3-9532-E5622BEF934B}.Release|x64.ActiveCfg = Release|Win32
		{1D5FDB1F-16A9-4371-A182-39D818282048}.Debug|Any CPU.ActiveCfg = Debug|Win32
		{1D5FDB1F-16A9-4371-A182-39D818282048}.Debug|Mixed Platforms.ActiveCfg = Debug|Win32
		{1D5FDB1F-16A9-4371-A182-39D818282048}.Debug|Mixed Platforms.Build.0 = Debug|Win32
		{1D5FDB1F-16A9-4371-A182-39D818282048}.Debug|Win32.ActiveCfg = Debug|Win32
		{1D5FDB1F-16A9-4371-A182-39D818282048}.Debug|Win32.Build.0 = Debug|Win32
		{1D5FDB1F-16A9-4371-A182-39D818282048}.Debug|x64.ActiveCfg = Debug|Win32
		{1D5FDB1F-16A9-4371-A182-39D818282048}.Release|Any CPU.ActiveCfg = Release|Win32
		{1D5FDB1F-16A9-4371-A182-39D818282048}.Release|Mixed Platforms.ActiveCfg = Release|Win32
		{1D5FDB1F-16A9-4371-A182-39D818282048}.Release|Mixed Platforms.Build.0 = Release|Win32
		{1D5FDB1F-16A9-4371-A182-39D818282048}.Release|Win32.ActiveCfg = Release|Win32
		{1D5FDB1F-16A9-4371-A182-39D818282048}.Release|Win32.Build.0 = Release|Win32
		{1D5FDB1F-16A9-4371-A182-39D818282048}.Release|x64.ActiveCfg = Release|Win32
		{A3D2C865-C45E-4A43-816D-C865EC1055E6}.Debug|Any CPU.ActiveCfg = Debug|Win32
		{A3D2C865-C45E-4A43-816D-C865EC1055E6}.Debug|Mixed Platforms.ActiveCfg = Debug|Win32
		{A3D2C865-C45E-4A43-816D-C865EC1055E6}.Debug|Mixed Platforms.Build.0 = Debug|Win32
		{A3D2C865-C45E-4A43-816D-C865EC1055E6}.Debug|Win32.ActiveCfg = Debug|Win32
		{A3D2C865-C45E-4A43-816D-C865EC1055E6}.Debug|Win32.Build.0 = Debug|Win32
		{A3D2C865-C45E-4A43-816D-C865EC1055E6}.Debug|x64.ActiveCfg = Debug|Win32
		{A3D2C865-C45E-4A43-816D-C865EC1055E6}.Release|Any CPU.ActiveCfg = Release|Win32
		{A3D2C865-C45E-4A43-816D-C865EC1055E6}.Release|Mixed Platforms.ActiveCfg = Release|Win32
		{A3D2C865-C45E-4A43-816D-C865EC1055E6}.Release|Mixed Platforms.Build.0 = Release|Win32
		{A3D2C865-C45E-4A43-816D-C865EC1055E6}.Release|Win32.ActiveCfg = Release|Win32
		{A3D2C865-C45E-4A43-816D-C865EC1055E6}.Release|Win32.Build.0 = Release|Win32
		{A3D2C865-C45E-4A43-816D-C865EC1055E6}.Release|x64.ActiveCfg = Release|Win32
		{7924ED9B-6962-46BA-8472-B23378BCAB4F}.Debug|Any CPU.ActiveCfg = Debug|Win32
		{7924ED9B-6962-46BA-8472-B23378BCAB4F}.Debug|Mixed Platforms.ActiveCfg = Debug|Win32
		{7924ED9B-6962-46BA-8472-B23378BCAB4F}.Debug|Mixed Platforms.Build.0 = Debug|Win32
		{7924ED9B-6962-46BA-8472-B23378BCAB4F}.Debug|Win32.ActiveCfg = Debug|Win32
		{7924ED9B-6962-46BA-8472-B23378BCAB4F}.Debug|Win32.Build.0 = Debug|Win32
		{7924ED9B-6962-46BA-8472-B23378BCAB4F}.Debug|x64.ActiveCfg = Debug|Win32
		{7924ED9B-6962-46BA-8472-B23378BCAB4F}.Release|Any CPU.ActiveCfg = Release|Win32
		{7924ED9B-6962-46BA-8472-B23378BCAB4F}.Release|Mixed Platforms.ActiveCfg = Release|Win32
		{7924ED9B-6962-46BA-8472-B23378BCAB4F}.Release|Mixed Platforms.Build.0 = Release|Win32
		{7924ED9B-6962-46BA-8472-B23378BCAB4F}.Release|Win32.ActiveCfg = Release|Win32
		{7924ED9B-6962-46BA-8472-B23378BCAB4F}.Release|Win32.Build.0 = Release|Win32
		{7924ED9B-6962-46BA-8472-B23378BCAB4F}.Release|x64.ActiveCfg = Release|Win32
		{67FF2CA9-4130-4710-9899-C69455FDF8D3}.Debug|Any CPU.ActiveCfg = Debug|Win32
		{67FF2CA9-4130-4710-9899-C69455FDF8D3}.Debug|Mixed Platforms.ActiveCfg = Debug|Win32
		{67FF2CA9-4130-4710-9899-C69455FDF8D3}.Debug|Mixed Platforms.Build.0 = Debug|Win32
		{67FF2CA9-4130-4710-9899-C69455FDF8D3}.Debug|Win32.ActiveCfg = Debug|Win32
		{67FF2CA9-4130-4710-9899-C69455FDF8D3}.Debug|Win32.Build.0 = Debug|Win32
		{67FF2CA9-4130-4710-9899-C69455FDF8D3}.Debug|x64.ActiveCfg = Debug|Win32
		{67FF2CA9-4130-4710-9899-C69455FDF8D3}.Release|Any CPU.ActiveCfg = Release|Win32
		{67FF2CA9-4130-4710-9899-C69455FDF8D3}.Release|Mixed Platforms.ActiveCfg = Release|Win32
		{67FF2CA9-4130-4710-9899-C69455FDF8D3}.Release|Mixed Platforms.Build.0 = Release|Win32
		{67FF2CA9-4130-4710-9899-C69455FDF8D3}.Release|Win32.ActiveCfg = Release|Win32
		{67FF2CA9-4130-4710-9899-C69455FDF8D3}.Release|Win32.Build.0 = Release|Win32
		{67FF2CA9-4130-4710-9899-C69455FDF8D3}.Release|x64.ActiveCfg = Release|Win32
		{3CCDD427-4F02-440F-AA93-C9BD07B7E810}.Debug|Any CPU.ActiveCfg = Debug|Win32
		{3CCDD427-4F02-440F-AA93-C9BD07B7E810}.Debug|Mixed Platforms.ActiveCfg = Debug|Win32
		{3CCDD427-4F02-440F-AA93-C9BD07B7E810}.Debug|Win32.ActiveCfg = Debug|Win32
		{3CCDD427-4F02-440F-AA93-C9BD07B7E810}.Debug|Win32.Build.0 = Debug|Win32
		{3CCDD427-4F02-440F-AA93-C9BD07B7E810}.Debug|x64.ActiveCfg = Debug|Win32
		{3CCDD427-4F02-440F-AA93-C9BD07B7E810}.Release|Any CPU.ActiveCfg = Release|Win32
		{3CCDD427-4F02-440F-AA93-C9BD07B7E810}.Release|Mixed Platforms.ActiveCfg = Release|Win32
		{3CCDD427-4F02-440F-AA93-C9BD07B7E810}.Release|Win32.ActiveCfg = Release|Win32
		{3CCDD427-4F02-440F-AA93-C9BD07B7E810}.Release|Win32.Build.0 = Release|Win32
		{3CCDD427-4F02-440F-AA93-C9BD07B7E810}.Release|x64.ActiveCfg = Release|Win32
	EndGlobalSection
	GlobalSection(SolutionProperties) = preSolution
		HideSolutionNode = FALSE
	EndGlobalSection
	GlobalSection(NestedProjects) = preSolution
		{E47A23E4-9479-460F-9664-0D3733413FD2} = {E541F343-BFF3-4DB4-A980-41515AF9ECA1}
		{B0E48C77-E4F3-4864-99B5-56E00AF08A16} = {E541F343-BFF3-4DB4-A980-41515AF9ECA1}
		{9C2BFD70-F0A7-42EC-8F3A-83141A2580BC} = {E541F343-BFF3-4DB4-A980-41515AF9ECA1}
		{DD2458B4-D1C8-4723-A28D-FE31DC8E4E28} = {E541F343-BFF3-4DB4-A980-41515AF9ECA1}
		{F676763A-DED0-4776-A0AF-A95FD134883D} = {E541F343-BFF3-4DB4-A980-41515AF9ECA1}
		{57CBDE89-CA2E-4555-B56E-F72BA9EED19A} = {E541F343-BFF3-4DB4-A980-41515AF9ECA1}
		{B5928EDE-544F-4895-B9FD-48F8F603D966} = {E541F343-BFF3-4DB4-A980-41515AF9ECA1}
		{4994BFDD-FD02-4933-BBD6-52C7E964EC00} = {E541F343-BFF3-4DB4-A980-41515AF9ECA1}
		{D7A0CF6F-A0D2-414E-9685-9D7A4BC8D50E} = {E541F343-BFF3-4DB4-A980-41515AF9ECA1}
		{F4FE985B-85ED-4E21-AD18-84476D97E920} = {E541F343-BFF3-4DB4-A980-41515AF9ECA1}
		{05DA26C0-1126-4D0C-B077-7029192612A5} = {E541F343-BFF3-4DB4-A980-41515AF9ECA1}
		{36C42E4D-E8F6-4135-904C-00A07FAD979B} = {E541F343-BFF3-4DB4-A980-41515AF9ECA1}
		{07A0CDE7-8C3E-4127-9385-09000CF09F78} = {E541F343-BFF3-4DB4-A980-41515AF9ECA1}
		{4474839B-4901-4017-A44F-17E91FB4DEEF} = {E541F343-BFF3-4DB4-A980-41515AF9ECA1}
		{FF130E39-433D-4AF0-BA3A-3C8F4E46C022} = {E541F343-BFF3-4DB4-A980-41515AF9ECA1}
		{342D3BB3-B958-496A-8175-12A3120A9929} = {E541F343-BFF3-4DB4-A980-41515AF9ECA1}
		{2BBED955-FFD9-4A0C-92C8-DB36FF647DE2} = {E541F343-BFF3-4DB4-A980-41515AF9ECA1}
		{019DBD2A-273D-4BA4-BF86-B5EFE2ED76B1} = {E47A23E4-9479-460F-9664-0D3733413FD2}
		{B99E1FA1-C30A-45F2-9D57-9E9C21B2DF42} = {E47A23E4-9479-460F-9664-0D3733413FD2}
		{3CCDD427-4F02-440F-AA93-C9BD07B7E810} = {E47A23E4-9479-460F-9664-0D3733413FD2}
		{E89B265B-5BFB-463A-B8D5-4C30DFCEBF8C} = {2BBED955-FFD9-4A0C-92C8-DB36FF647DE2}
		{528CE191-743A-44C9-8544-128763FF5892} = {2BBED955-FFD9-4A0C-92C8-DB36FF647DE2}
		{5B354BF7-72BD-49F3-9532-E5622BEF934B} = {2BBED955-FFD9-4A0C-92C8-DB36FF647DE2}
		{67FF2CA9-4130-4710-9899-C69455FDF8D3} = {2BBED955-FFD9-4A0C-92C8-DB36FF647DE2}
		{1D5FDB1F-16A9-4371-A182-39D818282048} = {FE2697DE-DC65-44C4-8469-265D56F64854}
	EndGlobalSection
	GlobalSection(Performance) = preSolution
		HasPerformanceSessions = true
	EndGlobalSection
EndGlobal
