<?xml version="1.0" encoding="utf-8"?>
<Project ToolsVersion="4.0" xmlns="http://schemas.microsoft.com/developer/msbuild/2003">
  <ItemGroup>
    <Filter Include="local">
      <UniqueIdentifier>{8a7981a3-c7b8-4c40-bbff-176f9dcb3d26}</UniqueIdentifier>
    </Filter>
  </ItemGroup>
  <ItemGroup>
    <ClCompile Include="..\..\..\src\sys.c">
      <Filter>local</Filter>
    </ClCompile>
  </ItemGroup>
  <ItemGroup>
    <ClInclude Include="..\..\..\src\sys.h">
      <Filter>local</Filter>
    </ClInclude>
  </ItemGroup>
</Project>