<?xml version="1.0" encoding="utf-8"?>
<Project ToolsVersion="4.0" xmlns="http://schemas.microsoft.com/developer/msbuild/2003">
  <ItemGroup>
    <Filter Include="local">
      <UniqueIdentifier>{f82c9f15-5250-46cb-86e6-0f32a1497fb6}</UniqueIdentifier>
    </Filter>
  </ItemGroup>
  <ItemGroup>
    <ClCompile Include="..\..\..\src\console.c">
      <Filter>local</Filter>
    </ClCompile>
    <ClCompile Include="..\..\..\src\console-curses.c">
      <Filter>local</Filter>
    </ClCompile>
    <ClCompile Include="..\..\..\src\cmd.c">
      <Filter>local</Filter>
    </ClCompile>
    <ClCompile Include="..\..\..\src\cvar.c">
      <Filter>local</Filter>
    </ClCompile>
  </ItemGroup>
  <ItemGroup>
    <ClInclude Include="..\..\..\src\console.h">
      <Filter>local</Filter>
    </ClInclude>
    <ClInclude Include="..\..\..\src\cmd.h">
      <Filter>local</Filter>
    </ClInclude>
    <ClInclude Include="..\..\..\src\cvar.h">
      <Filter>local</Filter>
    </ClInclude>
  </ItemGroup>
</Project>