<?xml version="1.0" encoding="utf-8"?>
<Project ToolsVersion="4.0" xmlns="http://schemas.microsoft.com/developer/msbuild/2003">
  <ItemGroup>
    <Filter Include="local">
      <UniqueIdentifier>{4c4eb065-e74f-4f03-b183-c9df78ce8eae}</UniqueIdentifier>
    </Filter>
  </ItemGroup>
  <ItemGroup>
    <ClCompile Include="..\..\..\src\shared.c">
      <Filter>local</Filter>
    </ClCompile>
    <ClCompile Include="..\..\..\src\shared-anorms.c">
      <Filter>local</Filter>
    </ClCompile>
  </ItemGroup>
  <ItemGroup>
    <ClInclude Include="..\..\..\src\shared.h">
      <Filter>local</Filter>
    </ClInclude>
  </ItemGroup>
</Project>